
Microsoft Visual Studio Solution File, Format Version 12.00
# Visual Studio Version 17
VisualStudioVersion = 17.9.34728.123
MinimumVisualStudioVersion = 10.0.40219.1
Project("{9A19103F-16F7-4668-BE54-9A1E7A4F7556}") = "DockerMultiProfileDemo", "DockerMultiProfileDemo\DockerMultiProfileDemo.csproj", "{D07835DA-6B61-4AFB-B466-21A0E61930D9}"
EndProject
Project("{E53339B2-1760-4266-BCC7-CA923CBCF16C}") = "docker-compose", "docker-compose.dcproj", "{7ABFDB6A-DD05-41A0-AD85-68E468B35482}"
EndProject
Project("{2150E333-8FDC-42A3-9474-1A3956D46DE8}") = "Solution Items", "Solution Items", "{6D98870F-88C4-4C41-BC6C-FC6E087C2738}"
	ProjectSection(SolutionItems) = preProject
		.gitignore = .gitignore
		integration-test.ps1 = integration-test.ps1
		README.md = README.md
	EndProjectSection
EndProject
Project("{FAE04EC0-301F-11D3-BF4B-00C04F79EFBC}") = "IntegrationTest", "IntegrationTest\IntegrationTest.csproj", "{429A725E-39BD-4B4F-950C-1634F315C0C8}"
EndProject
Project("{FAE04EC0-301F-11D3-BF4B-00C04F79EFBC}") = "UnitTest", "UnitTest\UnitTest.csproj", "{8A722507-60D5-4A1D-9A67-19278403AAD6}"
EndProject
Global
	GlobalSection(SolutionConfigurationPlatforms) = preSolution
		Debug|Any CPU = Debug|Any CPU
		Release|Any CPU = Release|Any CPU
	EndGlobalSection
	GlobalSection(ProjectConfigurationPlatforms) = postSolution
		{D07835DA-6B61-4AFB-B466-21A0E61930D9}.Debug|Any CPU.ActiveCfg = Debug|Any CPU
		{D07835DA-6B61-4AFB-B466-21A0E61930D9}.Debug|Any CPU.Build.0 = Debug|Any CPU
		{D07835DA-6B61-4AFB-B466-21A0E61930D9}.Release|Any CPU.ActiveCfg = Release|Any CPU
		{D07835DA-6B61-4AFB-B466-21A0E61930D9}.Release|Any CPU.Build.0 = Release|Any CPU
		{7ABFDB6A-DD05-41A0-AD85-68E468B35482}.Debug|Any CPU.ActiveCfg = Debug|Any CPU
		{7ABFDB6A-DD05-41A0-AD85-68E468B35482}.Debug|Any CPU.Build.0 = Debug|Any CPU
		{7ABFDB6A-DD05-41A0-AD85-68E468B35482}.Release|Any CPU.ActiveCfg = Release|Any CPU
		{7ABFDB6A-DD05-41A0-AD85-68E468B35482}.Release|Any CPU.Build.0 = Release|Any CPU
		{429A725E-39BD-4B4F-950C-1634F315C0C8}.Debug|Any CPU.ActiveCfg = Debug|Any CPU
		{429A725E-39BD-4B4F-950C-1634F315C0C8}.Debug|Any CPU.Build.0 = Debug|Any CPU
		{429A725E-39BD-4B4F-950C-1634F315C0C8}.Release|Any CPU.ActiveCfg = Release|Any CPU
		{429A725E-39BD-4B4F-950C-1634F315C0C8}.Release|Any CPU.Build.0 = Release|Any CPU
		{8A722507-60D5-4A1D-9A67-19278403AAD6}.Debug|Any CPU.ActiveCfg = Debug|Any CPU
		{8A722507-60D5-4A1D-9A67-19278403AAD6}.Debug|Any CPU.Build.0 = Debug|Any CPU
		{8A722507-60D5-4A1D-9A67-19278403AAD6}.Release|Any CPU.ActiveCfg = Release|Any CPU
		{8A722507-60D5-4A1D-9A67-19278403AAD6}.Release|Any CPU.Build.0 = Release|Any CPU
	EndGlobalSection
	GlobalSection(SolutionProperties) = preSolution
		HideSolutionNode = FALSE
	EndGlobalSection
	GlobalSection(ExtensibilityGlobals) = postSolution
		SolutionGuid = {317A4EE9-1101-4117-8B9F-57F9CADD3E66}
	EndGlobalSection
EndGlobal
